
Microsoft Visual Studio Solution File, Format Version 12.00
# Visual Studio Version 17
VisualStudioVersion = 17.7.34031.279
MinimumVisualStudioVersion = 10.0.40219.1
Project("{FAE04EC0-301F-11D3-BF4B-00C04F79EFBC}") = "console-atm", "console-atm\console-atm.csproj", "{BBAD7C01-F34D-482C-A9B8-2DC564FE7090}"
EndProject
Global
	GlobalSection(SolutionConfigurationPlatforms) = preSolution
		Debug|Any CPU = Debug|Any CPU
		Release|Any CPU = Release|Any CPU
	EndGlobalSection
	GlobalSection(ProjectConfigurationPlatforms) = postSolution
		{BBAD7C01-F34D-482C-A9B8-2DC564FE7090}.Debug|Any CPU.ActiveCfg = Debug|Any CPU
		{BBAD7C01-F34D-482C-A9B8-2DC564FE7090}.Debug|Any CPU.Build.0 = Debug|Any CPU
		{BBAD7C01-F34D-482C-A9B8-2DC564FE7090}.Release|Any CPU.ActiveCfg = Release|Any CPU
		{BBAD7C01-F34D-482C-A9B8-2DC564FE7090}.Release|Any CPU.Build.0 = Release|Any CPU
	EndGlobalSection
	GlobalSection(SolutionProperties) = preSolution
		HideSolutionNode = FALSE
	EndGlobalSection
	GlobalSection(ExtensibilityGlobals) = postSolution
		SolutionGuid = {95714523-16E6-4739-814C-4584ABD82AE6}
	EndGlobalSection
EndGlobal
